
Microsoft Visual Studio Solution File, Format Version 12.00
# Visual Studio Version 17
VisualStudioVersion = 17.14.36310.24
MinimumVisualStudioVersion = 10.0.40219.1
Project("{FAE04EC0-301F-11D3-BF4B-00C04F79EFBC}") = "People.Api", "People.Api\People.Api.csproj", "{FABCA3F8-A4A3-4FFB-AA99-4DCE9EF6635D}"
EndProject
Project("{FAE04EC0-301F-11D3-BF4B-00C04F79EFBC}") = "People.Tests", "People.Tests\People.Tests.csproj", "{27D2CBE2-3E32-450F-BEDF-8CCA1912FD0E}"
EndProject
Project("{FAE04EC0-301F-11D3-BF4B-00C04F79EFBC}") = "People.Data", "People.Data\People.Data.csproj", "{59B8A189-38BC-41D2-BFF5-60A6555F7EF6}"
EndProject
Global
	GlobalSection(SolutionConfigurationPlatforms) = preSolution
		Debug|Any CPU = Debug|Any CPU
		Release|Any CPU = Release|Any CPU
	EndGlobalSection
	GlobalSection(ProjectConfigurationPlatforms) = postSolution
		{FABCA3F8-A4A3-4FFB-AA99-4DCE9EF6635D}.Debug|Any CPU.ActiveCfg = Debug|Any CPU
		{FABCA3F8-A4A3-4FFB-AA99-4DCE9EF6635D}.Debug|Any CPU.Build.0 = Debug|Any CPU
		{FABCA3F8-A4A3-4FFB-AA99-4DCE9EF6635D}.Release|Any CPU.ActiveCfg = Release|Any CPU
		{FABCA3F8-A4A3-4FFB-AA99-4DCE9EF6635D}.Release|Any CPU.Build.0 = Release|Any CPU
		{27D2CBE2-3E32-450F-BEDF-8CCA1912FD0E}.Debug|Any CPU.ActiveCfg = Debug|Any CPU
		{27D2CBE2-3E32-450F-BEDF-8CCA1912FD0E}.Debug|Any CPU.Build.0 = Debug|Any CPU
		{27D2CBE2-3E32-450F-BEDF-8CCA1912FD0E}.Release|Any CPU.ActiveCfg = Release|Any CPU
		{27D2CBE2-3E32-450F-BEDF-8CCA1912FD0E}.Release|Any CPU.Build.0 = Release|Any CPU
		{59B8A189-38BC-41D2-BFF5-60A6555F7EF6}.Debug|Any CPU.ActiveCfg = Debug|Any CPU
		{59B8A189-38BC-41D2-BFF5-60A6555F7EF6}.Debug|Any CPU.Build.0 = Debug|Any CPU
		{59B8A189-38BC-41D2-BFF5-60A6555F7EF6}.Release|Any CPU.ActiveCfg = Release|Any CPU
		{59B8A189-38BC-41D2-BFF5-60A6555F7EF6}.Release|Any CPU.Build.0 = Release|Any CPU
	EndGlobalSection
	GlobalSection(SolutionProperties) = preSolution
		HideSolutionNode = FALSE
	EndGlobalSection
	GlobalSection(ExtensibilityGlobals) = postSolution
		SolutionGuid = {2B2E8FE3-0600-47DB-A9CC-D3BF6AD334EF}
	EndGlobalSection
EndGlobal
